
Microsoft Visual Studio Solution File, Format Version 12.00
# Visual Studio 15
Project("{FAE04EC0-301F-11D3-BF4B-00C04F79EFBC}") = "Reverse Snake", "Reverse Snake.csproj", "{79BD8A6B-F8C9-5F42-7EF1-2573E268730B}"
EndProject
Global
	GlobalSection(SolutionConfigurationPlatforms) = preSolution
		Debug|Any CPU = Debug|Any CPU
		Release|Any CPU = Release|Any CPU
	EndGlobalSection
	GlobalSection(ProjectConfigurationPlatforms) = postSolution
		{79BD8A6B-F8C9-5F42-7EF1-2573E268730B}.Debug|Any CPU.ActiveCfg = Debug|Any CPU
		{79BD8A6B-F8C9-5F42-7EF1-2573E268730B}.Debug|Any CPU.Build.0 = Debug|Any CPU
		{79BD8A6B-F8C9-5F42-7EF1-2573E268730B}.Release|Any CPU.ActiveCfg = Release|Any CPU
		{79BD8A6B-F8C9-5F42-7EF1-2573E268730B}.Release|Any CPU.Build.0 = Release|Any CPU
	EndGlobalSection
	GlobalSection(SolutionProperties) = preSolution
		HideSolutionNode = FALSE
	EndGlobalSection
EndGlobal
